
Microsoft Visual Studio Solution File, Format Version 12.00
# Visual Studio Version 17
VisualStudioVersion = 17.6.33815.320
MinimumVisualStudioVersion = 10.0.40219.1
Project("{9A19103F-16F7-4668-BE54-9A1E7A4F7556}") = "BZModManager", "BZModManager\BZModManager.csproj", "{551991FB-2165-4399-A64F-2985B490421D}"
EndProject
Project("{54435603-DBB4-11D2-8724-00A0C9A8B90C}") = "BZ MM setup", "BZ MM setup\BZ MM setup.vdproj", "{1D537A1A-77DA-46FE-AFCE-0AA5EC31D197}"
EndProject
Global
	GlobalSection(SolutionConfigurationPlatforms) = preSolution
		All|Any CPU = All|Any CPU
		Debug|Any CPU = Debug|Any CPU
		Release|Any CPU = Release|Any CPU
	EndGlobalSection
	GlobalSection(ProjectConfigurationPlatforms) = postSolution
		{551991FB-2165-4399-A64F-2985B490421D}.All|Any CPU.ActiveCfg = Release|Any CPU
		{551991FB-2165-4399-A64F-2985B490421D}.All|Any CPU.Build.0 = Release|Any CPU
		{551991FB-2165-4399-A64F-2985B490421D}.Debug|Any CPU.ActiveCfg = Debug|Any CPU
		{551991FB-2165-4399-A64F-2985B490421D}.Debug|Any CPU.Build.0 = Debug|Any CPU
		{551991FB-2165-4399-A64F-2985B490421D}.Release|Any CPU.ActiveCfg = Release|Any CPU
		{551991FB-2165-4399-A64F-2985B490421D}.Release|Any CPU.Build.0 = Release|Any CPU
		{1D537A1A-77DA-46FE-AFCE-0AA5EC31D197}.All|Any CPU.ActiveCfg = Debug
		{1D537A1A-77DA-46FE-AFCE-0AA5EC31D197}.Debug|Any CPU.ActiveCfg = Debug
		{1D537A1A-77DA-46FE-AFCE-0AA5EC31D197}.Release|Any CPU.ActiveCfg = Release
	EndGlobalSection
	GlobalSection(SolutionProperties) = preSolution
		HideSolutionNode = FALSE
	EndGlobalSection
	GlobalSection(ExtensibilityGlobals) = postSolution
		SolutionGuid = {FBD746AC-0DD9-4E46-873D-B1F7D0E2E6CD}
	EndGlobalSection
EndGlobal
